
Microsoft Visual Studio Solution File, Format Version 12.00
# Visual Studio Version 17
VisualStudioVersion = 17.10.35013.160
MinimumVisualStudioVersion = 10.0.40219.1
Project("{9A19103F-16F7-4668-BE54-9A1E7A4F7556}") = "WeatherSensorLib", "WeatherSensorLib\WeatherSensorLib.csproj", "{03E5B5DC-6D6E-4AFC-978A-8B767337B147}"
EndProject
Project("{FAE04EC0-301F-11D3-BF4B-00C04F79EFBC}") = "WeatherSensoeConsoleApp", "WeatherSensoeConsoleApp\WeatherSensoeConsoleApp.csproj", "{02C47D37-88C3-4D98-8EF1-18454DD52B84}"
EndProject
Global
	GlobalSection(SolutionConfigurationPlatforms) = preSolution
		Debug|Any CPU = Debug|Any CPU
		Release|Any CPU = Release|Any CPU
	EndGlobalSection
	GlobalSection(ProjectConfigurationPlatforms) = postSolution
		{03E5B5DC-6D6E-4AFC-978A-8B767337B147}.Debug|Any CPU.ActiveCfg = Debug|Any CPU
		{03E5B5DC-6D6E-4AFC-978A-8B767337B147}.Debug|Any CPU.Build.0 = Debug|Any CPU
		{03E5B5DC-6D6E-4AFC-978A-8B767337B147}.Release|Any CPU.ActiveCfg = Release|Any CPU
		{03E5B5DC-6D6E-4AFC-978A-8B767337B147}.Release|Any CPU.Build.0 = Release|Any CPU
		{02C47D37-88C3-4D98-8EF1-18454DD52B84}.Debug|Any CPU.ActiveCfg = Debug|Any CPU
		{02C47D37-88C3-4D98-8EF1-18454DD52B84}.Debug|Any CPU.Build.0 = Debug|Any CPU
		{02C47D37-88C3-4D98-8EF1-18454DD52B84}.Release|Any CPU.ActiveCfg = Release|Any CPU
		{02C47D37-88C3-4D98-8EF1-18454DD52B84}.Release|Any CPU.Build.0 = Release|Any CPU
	EndGlobalSection
	GlobalSection(SolutionProperties) = preSolution
		HideSolutionNode = FALSE
	EndGlobalSection
	GlobalSection(ExtensibilityGlobals) = postSolution
		SolutionGuid = {B4B12533-2B75-42FD-BA9F-D2F3EBA744C4}
	EndGlobalSection
EndGlobal
